
Microsoft Visual Studio Solution File, Format Version 12.00
# Visual Studio Version 16
VisualStudioVersion = 16.0.30907.101
MinimumVisualStudioVersion = 10.0.40219.1
Project("{9A19103F-16F7-4668-BE54-9A1E7A4F7556}") = "WindowsPostgresBackup", "WindowsPostgresBackup.csproj", "{9F4B8093-9276-4869-A33B-BC53C347FF56}"
EndProject
Global
	GlobalSection(SolutionConfigurationPlatforms) = preSolution
		Debug|Any CPU = Debug|Any CPU
		Release|Any CPU = Release|Any CPU
	EndGlobalSection
	GlobalSection(ProjectConfigurationPlatforms) = postSolution
		{9F4B8093-9276-4869-A33B-BC53C347FF56}.Debug|Any CPU.ActiveCfg = Debug|Any CPU
		{9F4B8093-9276-4869-A33B-BC53C347FF56}.Debug|Any CPU.Build.0 = Debug|Any CPU
		{9F4B8093-9276-4869-A33B-BC53C347FF56}.Release|Any CPU.ActiveCfg = Release|Any CPU
		{9F4B8093-9276-4869-A33B-BC53C347FF56}.Release|Any CPU.Build.0 = Release|Any CPU
	EndGlobalSection
	GlobalSection(SolutionProperties) = preSolution
		HideSolutionNode = FALSE
	EndGlobalSection
	GlobalSection(ExtensibilityGlobals) = postSolution
		SolutionGuid = {D57FBD73-7099-485E-8C52-C5E632D21D4C}
	EndGlobalSection
EndGlobal
